// !$*UTF8*$!
{
	archiveVersion = 1;
	classes = {
	};
	objectVersion = 46;
	objects = {

/* Begin PBXBuildFile section */
		D92900021F2CC37200EFBD98 /* Main.storyboard in Resources */ = {isa = PBXBuildFile; fileRef = D92900001F2CC37200EFBD98 /* Main.storyboard */; };
		D92900041F2CC37200EFBD98 /* Assets.xcassets in Resources */ = {isa = PBXBuildFile; fileRef = D92900031F2CC37200EFBD98 /* Assets.xcassets */; };
		D92900071F2CC37200EFBD98 /* LaunchScreen.storyboard in Resources */ = {isa = PBXBuildFile; fileRef = D92900051F2CC37200EFBD98 /* LaunchScreen.storyboard */; };
		D929000F1F2CCF4900EFBD98 /* SignUpViewController.swift in Sources */ = {isa = PBXBuildFile; fileRef = D929000E1F2CCF4900EFBD98 /* SignUpViewController.swift */; };
		D929FFFD1F2CC37200EFBD98 /* AppDelegate.swift in Sources */ = {isa = PBXBuildFile; fileRef = D929FFFC1F2CC37200EFBD98 /* AppDelegate.swift */; };
		D929FFFF1F2CC37200EFBD98 /* ViewController.swift in Sources */ = {isa = PBXBuildFile; fileRef = D929FFFE1F2CC37200EFBD98 /* ViewController.swift */; };
/* End PBXBuildFile section */

/* Begin PBXFileReference section */
		D92900011F2CC37200EFBD98 /* Base */ = {isa = PBXFileReference; lastKnownFileType = file.storyboard; name = Base; path = Base.lproj/Main.storyboard; sourceTree = "<group>"; };
		D92900031F2CC37200EFBD98 /* Assets.xcassets */ = {isa = PBXFileReference; lastKnownFileType = folder.assetcatalog; path = Assets.xcassets; sourceTree = "<group>"; };
		D92900061F2CC37200EFBD98 /* Base */ = {isa = PBXFileReference; lastKnownFileType = file.storyboard; name = Base; path = Base.lproj/LaunchScreen.storyboard; sourceTree = "<group>"; };
		D92900081F2CC37200EFBD98 /* Info.plist */ = {isa = PBXFileReference; lastKnownFileType = text.plist.xml; path = Info.plist; sourceTree = "<group>"; };
		D929000E1F2CCF4900EFBD98 /* SignUpViewController.swift */ = {isa = PBXFileReference; fileEncoding = 4; lastKnownFileType = sourcecode.swift; path = SignUpViewController.swift; sourceTree = "<group>"; };
		D929FFF91F2CC37200EFBD98 /* helloWork.app */ = {isa = PBXFileReference; explicitFileType = wrapper.application; includeInIndex = 0; path = helloWork.app; sourceTree = BUILT_PRODUCTS_DIR; };
		D929FFFC1F2CC37200EFBD98 /* AppDelegate.swift */ = {isa = PBXFileReference; lastKnownFileType = sourcecode.swift; path = AppDelegate.swift; sourceTree = "<group>"; };
		D929FFFE1F2CC37200EFBD98 /* ViewController.swift */ = {isa = PBXFileReference; lastKnownFileType = sourcecode.swift; path = ViewController.swift; sourceTree = "<group>"; };
/* End PBXFileReference section */

/* Begin PBXFrameworksBuildPhase section */
		D929FFF61F2CC37200EFBD98 /* Frameworks */ = {
			isa = PBXFrameworksBuildPhase;
			buildActionMask = 2147483647;
			files = (
			);
			runOnlyForDeploymentPostprocessing = 0;
		};
/* End PBXFrameworksBuildPhase section */

/* Begin PBXGroup section */
		D929FFF01F2CC37200EFBD98 = {
			isa = PBXGroup;
			children = (
				D929FFFB1F2CC37200EFBD98 /* helloWork */,
				D929FFFA1F2CC37200EFBD98 /* Products */,
			);
			sourceTree = "<group>";
		};
		D929FFFA1F2CC37200EFBD98 /* Products */ = {
			isa = PBXGroup;
			children = (
				D929FFF91F2CC37200EFBD98 /* helloWork.app */,
			);
			name = Products;
			sourceTree = "<group>";
		};
		D929FFFB1F2CC37200EFBD98 /* helloWork */ = {
			isa = PBXGroup;
			children = (
				D929FFFC1F2CC37200EFBD98 /* AppDelegate.swift */,
				D929FFFE1F2CC37200EFBD98 /* ViewController.swift */,
				D92900001F2CC37200EFBD98 /* Main.storyboard */,
				D929000E1F2CCF4900EFBD98 /* SignUpViewController.swift */,
				D92900031F2CC37200EFBD98 /* Assets.xcassets */,
				D92900051F2CC37200EFBD98 /* LaunchScreen.storyboard */,
				D92900081F2CC37200EFBD98 /* Info.plist */,
			);
			path = helloWork;
			sourceTree = "<group>";
		};
/* End PBXGroup section */

/* Begin PBXNativeTarget section */
		D929FFF81F2CC37200EFBD98 /* helloWork */ = {
			isa = PBXNativeTarget;
			buildConfigurationList = D929000B1F2CC37200EFBD98 /* Build configuration list for PBXNativeTarget "helloWork" */;
			buildPhases = (
				D929FFF51F2CC37200EFBD98 /* Sources */,
				D929FFF61F2CC37200EFBD98 /* Frameworks */,
				D929FFF71F2CC37200EFBD98 /* Resources */,
			);
			buildRules = (
			);
			dependencies = (
			);
			name = helloWork;
			productName = helloWork;
			productReference = D929FFF91F2CC37200EFBD98 /* helloWork.app */;
			productType = "com.apple.product-type.application";
		};
/* End PBXNativeTarget section */

/* Begin PBXProject section */
		D929FFF11F2CC37200EFBD98 /* Project object */ = {
			isa = PBXProject;
			attributes = {
				LastSwiftUpdateCheck = 0830;
				LastUpgradeCheck = 0830;
				ORGANIZATIONNAME = AnnaDev7;
				TargetAttributes = {
					D929FFF81F2CC37200EFBD98 = {
						CreatedOnToolsVersion = 8.3.2;
						ProvisioningStyle = Automatic;
					};
				};
			};
			buildConfigurationList = D929FFF41F2CC37200EFBD98 /* Build configuration list for PBXProject "helloWork" */;
			compatibilityVersion = "Xcode 3.2";
			developmentRegion = English;
			hasScannedForEncodings = 0;
			knownRegions = (
				en,
				Base,
			);
			mainGroup = D929FFF01F2CC37200EFBD98;
			productRefGroup = D929FFFA1F2CC37200EFBD98 /* Products */;
			projectDirPath = "";
			projectRoot = "";
			targets = (
				D929FFF81F2CC37200EFBD98 /* helloWork */,
			);
		};
/* End PBXProject section */

/* Begin PBXResourcesBuildPhase section */
		D929FFF71F2CC37200EFBD98 /* Resources */ = {
			isa = PBXResourcesBuildPhase;
			buildActionMask = 2147483647;
			files = (
				D92900071F2CC37200EFBD98 /* LaunchScreen.storyboard in Resources */,
				D92900041F2CC37200EFBD98 /* Assets.xcassets in Resources */,
				D92900021F2CC37200EFBD98 /* Main.storyboard in Resources */,
			);
			runOnlyForDeploymentPostprocessing = 0;
		};
/* End PBXResourcesBuildPhase section */

/* Begin PBXSourcesBuildPhase section */
		D929FFF51F2CC37200EFBD98 /* Sources */ = {
			isa = PBXSourcesBuildPhase;
			buildActionMask = 2147483647;
			files = (
				D929000F1F2CCF4900EFBD98 /* SignUpViewController.swift in Sources */,
				D929FFFF1F2CC37200EFBD98 /* ViewController.swift in Sources */,
				D929FFFD1F2CC37200EFBD98 /* AppDelegate.swift in Sources */,
			);
			runOnlyForDeploymentPostprocessing = 0;
		};
/* End PBXSourcesBuildPhase section */

/* Begin PBXVariantGroup section */
		D92900001F2CC37200EFBD98 /* Main.storyboard */ = {
			isa = PBXVariantGroup;
			children = (
				D92900011F2CC37200EFBD98 /* Base */,
			);
			name = Main.storyboard;
			sourceTree = "<group>";
		};
		D92900051F2CC37200EFBD98 /* LaunchScreen.storyboard */ = {
			isa = PBXVariantGroup;
			children = (
				D92900061F2CC37200EFBD98 /* Base */,
			);
			name = LaunchScreen.storyboard;
			sourceTree = "<group>";
		};
/* End PBXVariantGroup section */

/* Begin XCBuildConfiguration section */
		D92900091F2CC37200EFBD98 /* Debug */ = {
			isa = XCBuildConfiguration;
			buildSettings = {
				ALWAYS_SEARCH_USER_PATHS = NO;
				CLANG_ANALYZER_NONNULL = YES;
				CLANG_ANALYZER_NUMBER_OBJECT_CONVERSION = YES_AGGRESSIVE;
				CLANG_CXX_LANGUAGE_STANDARD = "gnu++0x";
				CLANG_CXX_LIBRARY = "libc++";
				CLANG_ENABLE_MODULES = YES;
				CLANG_ENABLE_OBJC_ARC = YES;
				CLANG_WARN_BOOL_CONVERSION = YES;
				CLANG_WARN_CONSTANT_CONVERSION = YES;
				CLANG_WARN_DIRECT_OBJC_ISA_USAGE = YES_ERROR;
				CLANG_WARN_DOCUMENTATION_COMMENTS = YES;
				CLANG_WARN_EMPTY_BODY = YES;
				CLANG_WARN_ENUM_CONVERSION = YES;
				CLANG_WARN_INFINITE_RECURSION = YES;
				CLANG_WARN_INT_CONVERSION = YES;
				CLANG_WARN_OBJC_ROOT_CLASS = YES_ERROR;
				CLANG_WARN_SUSPICIOUS_MOVE = YES;
				CLANG_WARN_UNREACHABLE_CODE = YES;
				CLANG_WARN__DUPLICATE_METHOD_MATCH = YES;
				"CODE_SIGN_IDENTITY[sdk=iphoneos*]" = "iPhone Developer";
				COPY_PHASE_STRIP = NO;
				DEBUG_INFORMATION_FORMAT = dwarf;
				ENABLE_STRICT_OBJC_MSGSEND = YES;
				ENABLE_TESTABILITY = YES;
				GCC_C_LANGUAGE_STANDARD = gnu99;
				GCC_DYNAMIC_NO_PIC = NO;
				GCC_NO_COMMON_BLOCKS = YES;
				GCC_OPTIMIZATION_LEVEL = 0;
				GCC_PREPROCESSOR_DEFINITIONS = (
					"DEBUG=1",
					"$(inherited)",
				);
				GCC_WARN_64_TO_32_BIT_CONVERSION = YES;
				GCC_WARN_ABOUT_RETURN_TYPE = YES_ERROR;
				GCC_WARN_UNDECLARED_SELECTOR = YES;
				GCC_WARN_UNINITIALIZED_AUTOS = YES_AGGRESSIVE;
				GCC_WARN_UNUSED_FUNCTION = YES;
				GCC_WARN_UNUSED_VARIABLE = YES;
				IPHONEOS_DEPLOYMENT_TARGET = 10.3;
				MTL_ENABLE_DEBUG_INFO = YES;
				ONLY_ACTIVE_ARCH = YES;
				SDKROOT = iphoneos;
				SWIFT_ACTIVE_COMPILATION_CONDITIONS = DEBUG;
				SWIFT_OPTIMIZATION_LEVEL = "-Onone";
				TARGETED_DEVICE_FAMILY = "1,2";
			};
			name = Debug;
		};
		D929000A1F2CC37200EFBD98 /* Release */ = {
			isa = XCBuildConfiguration;
			buildSettings = {
				ALWAYS_SEARCH_USER_PATHS = NO;
				CLANG_ANALYZER_NONNULL = YES;
				CLANG_ANALYZER_NUMBER_OBJECT_CONVERSION = YES_AGGRESSIVE;
				CLANG_CXX_LANGUAGE_STANDARD = "gnu++0x";
				CLANG_CXX_LIBRARY = "libc++";
				CLANG_ENABLE_MODULES = YES;
				CLANG_ENABLE_OBJC_ARC = YES;
				CLANG_WARN_BOOL_CONVERSION = YES;
				CLANG_WARN_CONSTANT_CONVERSION = YES;
				CLANG_WARN_DIRECT_OBJC_ISA_USAGE = YES_ERROR;
				CLANG_WARN_DOCUMENTATION_COMMENTS = YES;
				CLANG_WARN_EMPTY_BODY = YES;
				CLANG_WARN_ENUM_CONVERSION = YES;
				CLANG_WARN_INFINITE_RECURSION = YES;
				CLANG_WARN_INT_CONVERSION = YES;
				CLANG_WARN_OBJC_ROOT_CLASS = YES_ERROR;
				CLANG_WARN_SUSPICIOUS_MOVE = YES;
				CLANG_WARN_UNREACHABLE_CODE = YES;
				CLANG_WARN__DUPLICATE_METHOD_MATCH = YES;
				"CODE_SIGN_IDENTITY[sdk=iphoneos*]" = "iPhone Developer";
				COPY_PHASE_STRIP = NO;
				DEBUG_INFORMATION_FORMAT = "dwarf-with-dsym";
				ENABLE_NS_ASSERTIONS = NO;
				ENABLE_STRICT_OBJC_MSGSEND = YES;
				GCC_C_LANGUAGE_STANDARD = gnu99;
				GCC_NO_COMMON_BLOCKS = YES;
				GCC_WARN_64_TO_32_BIT_CONVERSION = YES;
				GCC_WARN_ABOUT_RETURN_TYPE = YES_ERROR;
				GCC_WARN_UNDECLARED_SELECTOR = YES;
				GCC_WARN_UNINITIALIZED_AUTOS = YES_AGGRESSIVE;
				GCC_WARN_UNUSED_FUNCTION = YES;
				GCC_WARN_UNUSED_VARIABLE = YES;
				IPHONEOS_DEPLOYMENT_TARGET = 10.3;
				MTL_ENABLE_DEBUG_INFO = NO;
				SDKROOT = iphoneos;
				SWIFT_OPTIMIZATION_LEVEL = "-Owholemodule";
				TARGETED_DEVICE_FAMILY = "1,2";
				VALIDATE_PRODUCT = YES;
			};
			name = Release;
		};
		D929000C1F2CC37200EFBD98 /* Debug */ = {
			isa = XCBuildConfiguration;
			buildSettings = {
				ASSETCATALOG_COMPILER_APPICON_NAME = AppIcon;
				INFOPLIST_FILE = helloWork/Info.plist;
				LD_RUNPATH_SEARCH_PATHS = "$(inherited) @executable_path/Frameworks";
				PRODUCT_BUNDLE_IDENTIFIER = AnnaDev7.helloWork;
				PRODUCT_NAME = "$(TARGET_NAME)";
				SWIFT_VERSION = 3.0;
			};
			name = Debug;
		};
		D929000D1F2CC37200EFBD98 /* Release */ = {
			isa = XCBuildConfiguration;
			buildSettings = {
				ASSETCATALOG_COMPILER_APPICON_NAME = AppIcon;
				INFOPLIST_FILE = helloWork/Info.plist;
				LD_RUNPATH_SEARCH_PATHS = "$(inherited) @executable_path/Frameworks";
				PRODUCT_BUNDLE_IDENTIFIER = AnnaDev7.helloWork;
				PRODUCT_NAME = "$(TARGET_NAME)";
				SWIFT_VERSION = 3.0;
			};
			name = Release;
		};
/* End XCBuildConfiguration section */

/* Begin XCConfigurationList section */
		D929000B1F2CC37200EFBD98 /* Build configuration list for PBXNativeTarget "helloWork" */ = {
			isa = XCConfigurationList;
			buildConfigurations = (
				D929000C1F2CC37200EFBD98 /* Debug */,
				D929000D1F2CC37200EFBD98 /* Release */,
			);
			defaultConfigurationIsVisible = 0;
		};
		D929FFF41F2CC37200EFBD98 /* Build configuration list for PBXProject "helloWork" */ = {
			isa = XCConfigurationList;
			buildConfigurations = (
				D92900091F2CC37200EFBD98 /* Debug */,
				D929000A1F2CC37200EFBD98 /* Release */,
			);
			defaultConfigurationIsVisible = 0;
			defaultConfigurationName = Release;
		};
/* End XCConfigurationList section */
	};
	rootObject = D929FFF11F2CC37200EFBD98 /* Project object */;
}
